# This file was autogenerated by Stack.
# You should not edit this file by hand.
# For more information, please see the documentation at:
#   https://docs.haskellstack.org/en/stable/lock_files

packages: []
snapshots:
- completed:
    size: 568655
    url: https://raw.githubusercontent.com/commercialhaskell/stackage-snapshots/master/lts/10/5.yaml
    sha256: d5d2a8f55085643b41a30e9191cbbd4f8f707dd63facdddfbce08d811f808444
  original: lts-10.5
